
Microsoft Visual Studio Solution File, Format Version 12.00
# Visual Studio Version 16
VisualStudioVersion = 16.0.30204.135
MinimumVisualStudioVersion = 10.0.40219.1
Project("{FAE04EC0-301F-11D3-BF4B-00C04F79EFBC}") = "WebApplication1", "WebApplication1.csproj", "{B7A1D3D1-0A0F-4863-8D3E-FF3534597E98}"
EndProject
Global
	GlobalSection(SolutionConfigurationPlatforms) = preSolution
		Debug|Any CPU = Debug|Any CPU
		Release|Any CPU = Release|Any CPU
	EndGlobalSection
	GlobalSection(ProjectConfigurationPlatforms) = postSolution
		{B7A1D3D1-0A0F-4863-8D3E-FF3534597E98}.Debug|Any CPU.ActiveCfg = Debug|Any CPU
		{B7A1D3D1-0A0F-4863-8D3E-FF3534597E98}.Debug|Any CPU.Build.0 = Debug|Any CPU
		{B7A1D3D1-0A0F-4863-8D3E-FF3534597E98}.Release|Any CPU.ActiveCfg = Release|Any CPU
		{B7A1D3D1-0A0F-4863-8D3E-FF3534597E98}.Release|Any CPU.Build.0 = Release|Any CPU
	EndGlobalSection
	GlobalSection(SolutionProperties) = preSolution
		HideSolutionNode = FALSE
	EndGlobalSection
	GlobalSection(ExtensibilityGlobals) = postSolution
		SolutionGuid = {AF0B4BEE-A894-4364-84FC-3DB72C11D4F0}
	EndGlobalSection
EndGlobal
